
Microsoft Visual Studio Solution File, Format Version 12.00
# Visual Studio Version 17
VisualStudioVersion = 17.6.33815.320
MinimumVisualStudioVersion = 10.0.40219.1
Project("{FAE04EC0-301F-11D3-BF4B-00C04F79EFBC}") = "Servieces", "Servieces\Servieces.csproj", "{85C6F7EE-3BF0-4100-9B76-0FC9304C6C7F}"
EndProject
Project("{FAE04EC0-301F-11D3-BF4B-00C04F79EFBC}") = "GitHub.Api", "GitHub.Api\GitHub.Api.csproj", "{621D59F1-8FAB-440E-84C8-911CAF75D460}"
EndProject
Global
	GlobalSection(SolutionConfigurationPlatforms) = preSolution
		Debug|Any CPU = Debug|Any CPU
		Release|Any CPU = Release|Any CPU
	EndGlobalSection
	GlobalSection(ProjectConfigurationPlatforms) = postSolution
		{85C6F7EE-3BF0-4100-9B76-0FC9304C6C7F}.Debug|Any CPU.ActiveCfg = Debug|Any CPU
		{85C6F7EE-3BF0-4100-9B76-0FC9304C6C7F}.Debug|Any CPU.Build.0 = Debug|Any CPU
		{85C6F7EE-3BF0-4100-9B76-0FC9304C6C7F}.Release|Any CPU.ActiveCfg = Release|Any CPU
		{85C6F7EE-3BF0-4100-9B76-0FC9304C6C7F}.Release|Any CPU.Build.0 = Release|Any CPU
		{621D59F1-8FAB-440E-84C8-911CAF75D460}.Debug|Any CPU.ActiveCfg = Debug|Any CPU
		{621D59F1-8FAB-440E-84C8-911CAF75D460}.Debug|Any CPU.Build.0 = Debug|Any CPU
		{621D59F1-8FAB-440E-84C8-911CAF75D460}.Release|Any CPU.ActiveCfg = Release|Any CPU
		{621D59F1-8FAB-440E-84C8-911CAF75D460}.Release|Any CPU.Build.0 = Release|Any CPU
	EndGlobalSection
	GlobalSection(SolutionProperties) = preSolution
		HideSolutionNode = FALSE
	EndGlobalSection
	GlobalSection(ExtensibilityGlobals) = postSolution
		SolutionGuid = {3AEB4428-3FB4-4E18-9874-2C64FFA6AF8D}
	EndGlobalSection
EndGlobal
